
Microsoft Visual Studio Solution File, Format Version 12.00
# Visual Studio 15
Project("{FAE04EC0-301F-11D3-BF4B-00C04F79EFBC}") = "Mercedes", "Assembly-CSharp.csproj", "{2A785E46-7910-4B15-D4D0-138F9AB5F1D4}"
EndProject
Project("{FAE04EC0-301F-11D3-BF4B-00C04F79EFBC}") = "Mercedes", "Assembly-CSharp-Editor.csproj", "{D2A94B0A-9E03-B4B5-0A57-348E6DDB51F1}"
EndProject
Global
	GlobalSection(SolutionConfigurationPlatforms) = preSolution
		Debug|Any CPU = Debug|Any CPU
		Release|Any CPU = Release|Any CPU
	EndGlobalSection
	GlobalSection(ProjectConfigurationPlatforms) = postSolution
		{2A785E46-7910-4B15-D4D0-138F9AB5F1D4}.Debug|Any CPU.ActiveCfg = Debug|Any CPU
		{2A785E46-7910-4B15-D4D0-138F9AB5F1D4}.Debug|Any CPU.Build.0 = Debug|Any CPU
		{2A785E46-7910-4B15-D4D0-138F9AB5F1D4}.Release|Any CPU.ActiveCfg = Release|Any CPU
		{2A785E46-7910-4B15-D4D0-138F9AB5F1D4}.Release|Any CPU.Build.0 = Release|Any CPU
		{D2A94B0A-9E03-B4B5-0A57-348E6DDB51F1}.Debug|Any CPU.ActiveCfg = Debug|Any CPU
		{D2A94B0A-9E03-B4B5-0A57-348E6DDB51F1}.Debug|Any CPU.Build.0 = Debug|Any CPU
		{D2A94B0A-9E03-B4B5-0A57-348E6DDB51F1}.Release|Any CPU.ActiveCfg = Release|Any CPU
		{D2A94B0A-9E03-B4B5-0A57-348E6DDB51F1}.Release|Any CPU.Build.0 = Release|Any CPU
	EndGlobalSection
	GlobalSection(SolutionProperties) = preSolution
		HideSolutionNode = FALSE
	EndGlobalSection
EndGlobal
